
Microsoft Visual Studio Solution File, Format Version 12.00
# Visual Studio Version 17
VisualStudioVersion = 17.2.32602.215
MinimumVisualStudioVersion = 10.0.40219.1
Project("{FAE04EC0-301F-11D3-BF4B-00C04F79EFBC}") = "3489-Scouting-Server", "3489-Scouting-Server\3489-Scouting-Server.csproj", "{F8DED940-9192-4A32-8E56-0FFC3F7B51B8}"
EndProject
Project("{FAE04EC0-301F-11D3-BF4B-00C04F79EFBC}") = "3489-Scouting-Shared", "3489-Scouting-Shared\3489-Scouting-Shared.csproj", "{3C34B7D1-264A-4FE1-9CD1-5775B6620858}"
EndProject
Global
	GlobalSection(SolutionConfigurationPlatforms) = preSolution
		Debug|Any CPU = Debug|Any CPU
		Release|Any CPU = Release|Any CPU
	EndGlobalSection
	GlobalSection(ProjectConfigurationPlatforms) = postSolution
		{F8DED940-9192-4A32-8E56-0FFC3F7B51B8}.Debug|Any CPU.ActiveCfg = Debug|Any CPU
		{F8DED940-9192-4A32-8E56-0FFC3F7B51B8}.Debug|Any CPU.Build.0 = Debug|Any CPU
		{F8DED940-9192-4A32-8E56-0FFC3F7B51B8}.Release|Any CPU.ActiveCfg = Release|Any CPU
		{F8DED940-9192-4A32-8E56-0FFC3F7B51B8}.Release|Any CPU.Build.0 = Release|Any CPU
		{3C34B7D1-264A-4FE1-9CD1-5775B6620858}.Debug|Any CPU.ActiveCfg = Debug|Any CPU
		{3C34B7D1-264A-4FE1-9CD1-5775B6620858}.Debug|Any CPU.Build.0 = Debug|Any CPU
		{3C34B7D1-264A-4FE1-9CD1-5775B6620858}.Release|Any CPU.ActiveCfg = Release|Any CPU
		{3C34B7D1-264A-4FE1-9CD1-5775B6620858}.Release|Any CPU.Build.0 = Release|Any CPU
	EndGlobalSection
	GlobalSection(SolutionProperties) = preSolution
		HideSolutionNode = FALSE
	EndGlobalSection
	GlobalSection(ExtensibilityGlobals) = postSolution
		SolutionGuid = {DF4986A6-E03D-454E-9FB7-3C51A7D8A920}
	EndGlobalSection
EndGlobal
